
Microsoft Visual Studio Solution File, Format Version 12.00
# Visual Studio Version 17
VisualStudioVersion = 17.0.32014.148
MinimumVisualStudioVersion = 10.0.40219.1
Project("{FAE04EC0-301F-11D3-BF4B-00C04F79EFBC}") = "SieveOfSundaram_standardMEM", "SieveOfSundaram_standardMEM.csproj", "{34AFC933-3BF7-4182-A927-CB056DBF24FE}"
EndProject
Global
	GlobalSection(SolutionConfigurationPlatforms) = preSolution
		Debug|Any CPU = Debug|Any CPU
		Release|Any CPU = Release|Any CPU
	EndGlobalSection
	GlobalSection(ProjectConfigurationPlatforms) = postSolution
		{34AFC933-3BF7-4182-A927-CB056DBF24FE}.Debug|Any CPU.ActiveCfg = Debug|Any CPU
		{34AFC933-3BF7-4182-A927-CB056DBF24FE}.Debug|Any CPU.Build.0 = Debug|Any CPU
		{34AFC933-3BF7-4182-A927-CB056DBF24FE}.Release|Any CPU.ActiveCfg = Release|Any CPU
		{34AFC933-3BF7-4182-A927-CB056DBF24FE}.Release|Any CPU.Build.0 = Release|Any CPU
	EndGlobalSection
	GlobalSection(SolutionProperties) = preSolution
		HideSolutionNode = FALSE
	EndGlobalSection
	GlobalSection(ExtensibilityGlobals) = postSolution
		SolutionGuid = {8B1456AA-E44B-4483-BCA9-BF4718981FC5}
	EndGlobalSection
EndGlobal
